
Microsoft Visual Studio Solution File, Format Version 12.00
# Visual Studio Version 17
VisualStudioVersion = 17.7.34031.279
MinimumVisualStudioVersion = 10.0.40219.1
Project("{FAE04EC0-301F-11D3-BF4B-00C04F79EFBC}") = "PrimeiroProjeto", "PrimeiroProjeto\PrimeiroProjeto.csproj", "{56BA8B55-67ED-4604-8EAA-F50C670FDD94}"
EndProject
Global
	GlobalSection(SolutionConfigurationPlatforms) = preSolution
		Debug|Any CPU = Debug|Any CPU
		Release|Any CPU = Release|Any CPU
	EndGlobalSection
	GlobalSection(ProjectConfigurationPlatforms) = postSolution
		{56BA8B55-67ED-4604-8EAA-F50C670FDD94}.Debug|Any CPU.ActiveCfg = Debug|Any CPU
		{56BA8B55-67ED-4604-8EAA-F50C670FDD94}.Debug|Any CPU.Build.0 = Debug|Any CPU
		{56BA8B55-67ED-4604-8EAA-F50C670FDD94}.Release|Any CPU.ActiveCfg = Release|Any CPU
		{56BA8B55-67ED-4604-8EAA-F50C670FDD94}.Release|Any CPU.Build.0 = Release|Any CPU
	EndGlobalSection
	GlobalSection(SolutionProperties) = preSolution
		HideSolutionNode = FALSE
	EndGlobalSection
	GlobalSection(ExtensibilityGlobals) = postSolution
		SolutionGuid = {24CC69FE-4E80-4612-AC46-0C319497AEA1}
	EndGlobalSection
EndGlobal
